// !$*UTF8*$!
{
	archiveVersion = 1;
	classes = {
	};
	objectVersion = 46;
	objects = {

/* Begin PBXBuildFile section */
		64180DFD1BAA5B2E005D162D /* AppDelegate.swift in Sources */ = {isa = PBXBuildFile; fileRef = 64180DFC1BAA5B2E005D162D /* AppDelegate.swift */; };
		64180DFF1BAA5B2E005D162D /* ViewController.swift in Sources */ = {isa = PBXBuildFile; fileRef = 64180DFE1BAA5B2E005D162D /* ViewController.swift */; };
		64180E021BAA5B2E005D162D /* Main.storyboard in Resources */ = {isa = PBXBuildFile; fileRef = 64180E001BAA5B2E005D162D /* Main.storyboard */; };
		64180E041BAA5B2E005D162D /* Images.xcassets in Resources */ = {isa = PBXBuildFile; fileRef = 64180E031BAA5B2E005D162D /* Images.xcassets */; };
		64180E071BAA5B2E005D162D /* LaunchScreen.xib in Resources */ = {isa = PBXBuildFile; fileRef = 64180E051BAA5B2E005D162D /* LaunchScreen.xib */; };
		64180E131BAA5B2E005D162D /* testNotifacationTests.swift in Sources */ = {isa = PBXBuildFile; fileRef = 64180E121BAA5B2E005D162D /* testNotifacationTests.swift */; };
/* End PBXBuildFile section */

/* Begin PBXContainerItemProxy section */
		64180E0D1BAA5B2E005D162D /* PBXContainerItemProxy */ = {
			isa = PBXContainerItemProxy;
			containerPortal = 64180DEF1BAA5B2E005D162D /* Project object */;
			proxyType = 1;
			remoteGlobalIDString = 64180DF61BAA5B2E005D162D;
			remoteInfo = testNotifacation;
		};
/* End PBXContainerItemProxy section */

/* Begin PBXFileReference section */
		64180DF71BAA5B2E005D162D /* testNotifacation.app */ = {isa = PBXFileReference; explicitFileType = wrapper.application; includeInIndex = 0; path = testNotifacation.app; sourceTree = BUILT_PRODUCTS_DIR; };
		64180DFB1BAA5B2E005D162D /* Info.plist */ = {isa = PBXFileReference; lastKnownFileType = text.plist.xml; path = Info.plist; sourceTree = "<group>"; };
		64180DFC1BAA5B2E005D162D /* AppDelegate.swift */ = {isa = PBXFileReference; lastKnownFileType = sourcecode.swift; path = AppDelegate.swift; sourceTree = "<group>"; };
		64180DFE1BAA5B2E005D162D /* ViewController.swift */ = {isa = PBXFileReference; lastKnownFileType = sourcecode.swift; path = ViewController.swift; sourceTree = "<group>"; };
		64180E011BAA5B2E005D162D /* Base */ = {isa = PBXFileReference; lastKnownFileType = file.storyboard; name = Base; path = Base.lproj/Main.storyboard; sourceTree = "<group>"; };
		64180E031BAA5B2E005D162D /* Images.xcassets */ = {isa = PBXFileReference; lastKnownFileType = folder.assetcatalog; path = Images.xcassets; sourceTree = "<group>"; };
		64180E061BAA5B2E005D162D /* Base */ = {isa = PBXFileReference; lastKnownFileType = file.xib; name = Base; path = Base.lproj/LaunchScreen.xib; sourceTree = "<group>"; };
		64180E0C1BAA5B2E005D162D /* testNotifacationTests.xctest */ = {isa = PBXFileReference; explicitFileType = wrapper.cfbundle; includeInIndex = 0; path = testNotifacationTests.xctest; sourceTree = BUILT_PRODUCTS_DIR; };
		64180E111BAA5B2E005D162D /* Info.plist */ = {isa = PBXFileReference; lastKnownFileType = text.plist.xml; path = Info.plist; sourceTree = "<group>"; };
		64180E121BAA5B2E005D162D /* testNotifacationTests.swift */ = {isa = PBXFileReference; lastKnownFileType = sourcecode.swift; path = testNotifacationTests.swift; sourceTree = "<group>"; };
/* End PBXFileReference section */

/* Begin PBXFrameworksBuildPhase section */
		64180DF41BAA5B2E005D162D /* Frameworks */ = {
			isa = PBXFrameworksBuildPhase;
			buildActionMask = 2147483647;
			files = (
			);
			runOnlyForDeploymentPostprocessing = 0;
		};
		64180E091BAA5B2E005D162D /* Frameworks */ = {
			isa = PBXFrameworksBuildPhase;
			buildActionMask = 2147483647;
			files = (
			);
			runOnlyForDeploymentPostprocessing = 0;
		};
/* End PBXFrameworksBuildPhase section */

/* Begin PBXGroup section */
		64180DEE1BAA5B2E005D162D = {
			isa = PBXGroup;
			children = (
				64180DF91BAA5B2E005D162D /* testNotifacation */,
				64180E0F1BAA5B2E005D162D /* testNotifacationTests */,
				64180DF81BAA5B2E005D162D /* Products */,
			);
			sourceTree = "<group>";
		};
		64180DF81BAA5B2E005D162D /* Products */ = {
			isa = PBXGroup;
			children = (
				64180DF71BAA5B2E005D162D /* testNotifacation.app */,
				64180E0C1BAA5B2E005D162D /* testNotifacationTests.xctest */,
			);
			name = Products;
			sourceTree = "<group>";
		};
		64180DF91BAA5B2E005D162D /* testNotifacation */ = {
			isa = PBXGroup;
			children = (
				64180DFC1BAA5B2E005D162D /* AppDelegate.swift */,
				64180DFE1BAA5B2E005D162D /* ViewController.swift */,
				64180E001BAA5B2E005D162D /* Main.storyboard */,
				64180E031BAA5B2E005D162D /* Images.xcassets */,
				64180E051BAA5B2E005D162D /* LaunchScreen.xib */,
				64180DFA1BAA5B2E005D162D /* Supporting Files */,
			);
			path = testNotifacation;
			sourceTree = "<group>";
		};
		64180DFA1BAA5B2E005D162D /* Supporting Files */ = {
			isa = PBXGroup;
			children = (
				64180DFB1BAA5B2E005D162D /* Info.plist */,
			);
			name = "Supporting Files";
			sourceTree = "<group>";
		};
		64180E0F1BAA5B2E005D162D /* testNotifacationTests */ = {
			isa = PBXGroup;
			children = (
				64180E121BAA5B2E005D162D /* testNotifacationTests.swift */,
				64180E101BAA5B2E005D162D /* Supporting Files */,
			);
			path = testNotifacationTests;
			sourceTree = "<group>";
		};
		64180E101BAA5B2E005D162D /* Supporting Files */ = {
			isa = PBXGroup;
			children = (
				64180E111BAA5B2E005D162D /* Info.plist */,
			);
			name = "Supporting Files";
			sourceTree = "<group>";
		};
/* End PBXGroup section */

/* Begin PBXNativeTarget section */
		64180DF61BAA5B2E005D162D /* testNotifacation */ = {
			isa = PBXNativeTarget;
			buildConfigurationList = 64180E161BAA5B2E005D162D /* Build configuration list for PBXNativeTarget "testNotifacation" */;
			buildPhases = (
				64180DF31BAA5B2E005D162D /* Sources */,
				64180DF41BAA5B2E005D162D /* Frameworks */,
				64180DF51BAA5B2E005D162D /* Resources */,
			);
			buildRules = (
			);
			dependencies = (
			);
			name = testNotifacation;
			productName = testNotifacation;
			productReference = 64180DF71BAA5B2E005D162D /* testNotifacation.app */;
			productType = "com.apple.product-type.application";
		};
		64180E0B1BAA5B2E005D162D /* testNotifacationTests */ = {
			isa = PBXNativeTarget;
			buildConfigurationList = 64180E191BAA5B2E005D162D /* Build configuration list for PBXNativeTarget "testNotifacationTests" */;
			buildPhases = (
				64180E081BAA5B2E005D162D /* Sources */,
				64180E091BAA5B2E005D162D /* Frameworks */,
				64180E0A1BAA5B2E005D162D /* Resources */,
			);
			buildRules = (
			);
			dependencies = (
				64180E0E1BAA5B2E005D162D /* PBXTargetDependency */,
			);
			name = testNotifacationTests;
			productName = testNotifacationTests;
			productReference = 64180E0C1BAA5B2E005D162D /* testNotifacationTests.xctest */;
			productType = "com.apple.product-type.bundle.unit-test";
		};
/* End PBXNativeTarget section */

/* Begin PBXProject section */
		64180DEF1BAA5B2E005D162D /* Project object */ = {
			isa = PBXProject;
			attributes = {
				LastUpgradeCheck = 0640;
				ORGANIZATIONNAME = csj;
				TargetAttributes = {
					64180DF61BAA5B2E005D162D = {
						CreatedOnToolsVersion = 6.4;
					};
					64180E0B1BAA5B2E005D162D = {
						CreatedOnToolsVersion = 6.4;
						TestTargetID = 64180DF61BAA5B2E005D162D;
					};
				};
			};
			buildConfigurationList = 64180DF21BAA5B2E005D162D /* Build configuration list for PBXProject "testNotifacation" */;
			compatibilityVersion = "Xcode 3.2";
			developmentRegion = English;
			hasScannedForEncodings = 0;
			knownRegions = (
				en,
				Base,
			);
			mainGroup = 64180DEE1BAA5B2E005D162D;
			productRefGroup = 64180DF81BAA5B2E005D162D /* Products */;
			projectDirPath = "";
			projectRoot = "";
			targets = (
				64180DF61BAA5B2E005D162D /* testNotifacation */,
				64180E0B1BAA5B2E005D162D /* testNotifacationTests */,
			);
		};
/* End PBXProject section */

/* Begin PBXResourcesBuildPhase section */
		64180DF51BAA5B2E005D162D /* Resources */ = {
			isa = PBXResourcesBuildPhase;
			buildActionMask = 2147483647;
			files = (
				64180E021BAA5B2E005D162D /* Main.storyboard in Resources */,
				64180E071BAA5B2E005D162D /* LaunchScreen.xib in Resources */,
				64180E041BAA5B2E005D162D /* Images.xcassets in Resources */,
			);
			runOnlyForDeploymentPostprocessing = 0;
		};
		64180E0A1BAA5B2E005D162D /* Resources */ = {
			isa = PBXResourcesBuildPhase;
			buildActionMask = 2147483647;
			files = (
			);
			runOnlyForDeploymentPostprocessing = 0;
		};
/* End PBXResourcesBuildPhase section */

/* Begin PBXSourcesBuildPhase section */
		64180DF31BAA5B2E005D162D /* Sources */ = {
			isa = PBXSourcesBuildPhase;
			buildActionMask = 2147483647;
			files = (
				64180DFF1BAA5B2E005D162D /* ViewController.swift in Sources */,
				64180DFD1BAA5B2E005D162D /* AppDelegate.swift in Sources */,
			);
			runOnlyForDeploymentPostprocessing = 0;
		};
		64180E081BAA5B2E005D162D /* Sources */ = {
			isa = PBXSourcesBuildPhase;
			buildActionMask = 2147483647;
			files = (
				64180E131BAA5B2E005D162D /* testNotifacationTests.swift in Sources */,
			);
			runOnlyForDeploymentPostprocessing = 0;
		};
/* End PBXSourcesBuildPhase section */

/* Begin PBXTargetDependency section */
		64180E0E1BAA5B2E005D162D /* PBXTargetDependency */ = {
			isa = PBXTargetDependency;
			target = 64180DF61BAA5B2E005D162D /* testNotifacation */;
			targetProxy = 64180E0D1BAA5B2E005D162D /* PBXContainerItemProxy */;
		};
/* End PBXTargetDependency section */

/* Begin PBXVariantGroup section */
		64180E001BAA5B2E005D162D /* Main.storyboard */ = {
			isa = PBXVariantGroup;
			children = (
				64180E011BAA5B2E005D162D /* Base */,
			);
			name = Main.storyboard;
			sourceTree = "<group>";
		};
		64180E051BAA5B2E005D162D /* LaunchScreen.xib */ = {
			isa = PBXVariantGroup;
			children = (
				64180E061BAA5B2E005D162D /* Base */,
			);
			name = LaunchScreen.xib;
			sourceTree = "<group>";
		};
/* End PBXVariantGroup section */

/* Begin XCBuildConfiguration section */
		64180E141BAA5B2E005D162D /* Debug */ = {
			isa = XCBuildConfiguration;
			buildSettings = {
				ALWAYS_SEARCH_USER_PATHS = NO;
				CLANG_CXX_LANGUAGE_STANDARD = "gnu++0x";
				CLANG_CXX_LIBRARY = "libc++";
				CLANG_ENABLE_MODULES = YES;
				CLANG_ENABLE_OBJC_ARC = YES;
				CLANG_WARN_BOOL_CONVERSION = YES;
				CLANG_WARN_CONSTANT_CONVERSION = YES;
				CLANG_WARN_DIRECT_OBJC_ISA_USAGE = YES_ERROR;
				CLANG_WARN_EMPTY_BODY = YES;
				CLANG_WARN_ENUM_CONVERSION = YES;
				CLANG_WARN_INT_CONVERSION = YES;
				CLANG_WARN_OBJC_ROOT_CLASS = YES_ERROR;
				CLANG_WARN_UNREACHABLE_CODE = YES;
				CLANG_WARN__DUPLICATE_METHOD_MATCH = YES;
				"CODE_SIGN_IDENTITY[sdk=iphoneos*]" = "iPhone Developer";
				COPY_PHASE_STRIP = NO;
				DEBUG_INFORMATION_FORMAT = "dwarf-with-dsym";
				ENABLE_STRICT_OBJC_MSGSEND = YES;
				GCC_C_LANGUAGE_STANDARD = gnu99;
				GCC_DYNAMIC_NO_PIC = NO;
				GCC_NO_COMMON_BLOCKS = YES;
				GCC_OPTIMIZATION_LEVEL = 0;
				GCC_PREPROCESSOR_DEFINITIONS = (
					"DEBUG=1",
					"$(inherited)",
				);
				GCC_SYMBOLS_PRIVATE_EXTERN = NO;
				GCC_WARN_64_TO_32_BIT_CONVERSION = YES;
				GCC_WARN_ABOUT_RETURN_TYPE = YES_ERROR;
				GCC_WARN_UNDECLARED_SELECTOR = YES;
				GCC_WARN_UNINITIALIZED_AUTOS = YES_AGGRESSIVE;
				GCC_WARN_UNUSED_FUNCTION = YES;
				GCC_WARN_UNUSED_VARIABLE = YES;
				IPHONEOS_DEPLOYMENT_TARGET = 8.4;
				MTL_ENABLE_DEBUG_INFO = YES;
				ONLY_ACTIVE_ARCH = YES;
				SDKROOT = iphoneos;
				SWIFT_OPTIMIZATION_LEVEL = "-Onone";
			};
			name = Debug;
		};
		64180E151BAA5B2E005D162D /* Release */ = {
			isa = XCBuildConfiguration;
			buildSettings = {
				ALWAYS_SEARCH_USER_PATHS = NO;
				CLANG_CXX_LANGUAGE_STANDARD = "gnu++0x";
				CLANG_CXX_LIBRARY = "libc++";
				CLANG_ENABLE_MODULES = YES;
				CLANG_ENABLE_OBJC_ARC = YES;
				CLANG_WARN_BOOL_CONVERSION = YES;
				CLANG_WARN_CONSTANT_CONVERSION = YES;
				CLANG_WARN_DIRECT_OBJC_ISA_USAGE = YES_ERROR;
				CLANG_WARN_EMPTY_BODY = YES;
				CLANG_WARN_ENUM_CONVERSION = YES;
				CLANG_WARN_INT_CONVERSION = YES;
				CLANG_WARN_OBJC_ROOT_CLASS = YES_ERROR;
				CLANG_WARN_UNREACHABLE_CODE = YES;
				CLANG_WARN__DUPLICATE_METHOD_MATCH = YES;
				"CODE_SIGN_IDENTITY[sdk=iphoneos*]" = "iPhone Developer";
				COPY_PHASE_STRIP = NO;
				DEBUG_INFORMATION_FORMAT = "dwarf-with-dsym";
				ENABLE_NS_ASSERTIONS = NO;
				ENABLE_STRICT_OBJC_MSGSEND = YES;
				GCC_C_LANGUAGE_STANDARD = gnu99;
				GCC_NO_COMMON_BLOCKS = YES;
				GCC_WARN_64_TO_32_BIT_CONVERSION = YES;
				GCC_WARN_ABOUT_RETURN_TYPE = YES_ERROR;
				GCC_WARN_UNDECLARED_SELECTOR = YES;
				GCC_WARN_UNINITIALIZED_AUTOS = YES_AGGRESSIVE;
				GCC_WARN_UNUSED_FUNCTION = YES;
				GCC_WARN_UNUSED_VARIABLE = YES;
				IPHONEOS_DEPLOYMENT_TARGET = 8.4;
				MTL_ENABLE_DEBUG_INFO = NO;
				SDKROOT = iphoneos;
				VALIDATE_PRODUCT = YES;
			};
			name = Release;
		};
		64180E171BAA5B2E005D162D /* Debug */ = {
			isa = XCBuildConfiguration;
			buildSettings = {
				ASSETCATALOG_COMPILER_APPICON_NAME = AppIcon;
				INFOPLIST_FILE = testNotifacation/Info.plist;
				LD_RUNPATH_SEARCH_PATHS = "$(inherited) @executable_path/Frameworks";
				PRODUCT_NAME = "$(TARGET_NAME)";
			};
			name = Debug;
		};
		64180E181BAA5B2E005D162D /* Release */ = {
			isa = XCBuildConfiguration;
			buildSettings = {
				ASSETCATALOG_COMPILER_APPICON_NAME = AppIcon;
				INFOPLIST_FILE = testNotifacation/Info.plist;
				LD_RUNPATH_SEARCH_PATHS = "$(inherited) @executable_path/Frameworks";
				PRODUCT_NAME = "$(TARGET_NAME)";
			};
			name = Release;
		};
		64180E1A1BAA5B2E005D162D /* Debug */ = {
			isa = XCBuildConfiguration;
			buildSettings = {
				BUNDLE_LOADER = "$(TEST_HOST)";
				FRAMEWORK_SEARCH_PATHS = (
					"$(SDKROOT)/Developer/Library/Frameworks",
					"$(inherited)",
				);
				GCC_PREPROCESSOR_DEFINITIONS = (
					"DEBUG=1",
					"$(inherited)",
				);
				INFOPLIST_FILE = testNotifacationTests/Info.plist;
				LD_RUNPATH_SEARCH_PATHS = "$(inherited) @executable_path/Frameworks @loader_path/Frameworks";
				PRODUCT_NAME = "$(TARGET_NAME)";
				TEST_HOST = "$(BUILT_PRODUCTS_DIR)/testNotifacation.app/testNotifacation";
			};
			name = Debug;
		};
		64180E1B1BAA5B2E005D162D /* Release */ = {
			isa = XCBuildConfiguration;
			buildSettings = {
				BUNDLE_LOADER = "$(TEST_HOST)";
				FRAMEWORK_SEARCH_PATHS = (
					"$(SDKROOT)/Developer/Library/Frameworks",
					"$(inherited)",
				);
				INFOPLIST_FILE = testNotifacationTests/Info.plist;
				LD_RUNPATH_SEARCH_PATHS = "$(inherited) @executable_path/Frameworks @loader_path/Frameworks";
				PRODUCT_NAME = "$(TARGET_NAME)";
				TEST_HOST = "$(BUILT_PRODUCTS_DIR)/testNotifacation.app/testNotifacation";
			};
			name = Release;
		};
/* End XCBuildConfiguration section */

/* Begin XCConfigurationList section */
		64180DF21BAA5B2E005D162D /* Build configuration list for PBXProject "testNotifacation" */ = {
			isa = XCConfigurationList;
			buildConfigurations = (
				64180E141BAA5B2E005D162D /* Debug */,
				64180E151BAA5B2E005D162D /* Release */,
			);
			defaultConfigurationIsVisible = 0;
			defaultConfigurationName = Release;
		};
		64180E161BAA5B2E005D162D /* Build configuration list for PBXNativeTarget "testNotifacation" */ = {
			isa = XCConfigurationList;
			buildConfigurations = (
				64180E171BAA5B2E005D162D /* Debug */,
				64180E181BAA5B2E005D162D /* Release */,
			);
			defaultConfigurationIsVisible = 0;
		};
		64180E191BAA5B2E005D162D /* Build configuration list for PBXNativeTarget "testNotifacationTests" */ = {
			isa = XCConfigurationList;
			buildConfigurations = (
				64180E1A1BAA5B2E005D162D /* Debug */,
				64180E1B1BAA5B2E005D162D /* Release */,
			);
			defaultConfigurationIsVisible = 0;
		};
/* End XCConfigurationList section */
	};
	rootObject = 64180DEF1BAA5B2E005D162D /* Project object */;
}
